
Microsoft Visual Studio Solution File, Format Version 12.00
# Visual Studio 15
VisualStudioVersion = 15.0.27130.2010
MinimumVisualStudioVersion = 10.0.40219.1
Project("{9A19103F-16F7-4668-BE54-9A1E7A4F7556}") = "Webshop", "Webshop\Webshop.csproj", "{4AC256B6-E649-436A-A570-C68A61919BE7}"
EndProject
Project("{9A19103F-16F7-4668-BE54-9A1E7A4F7556}") = "Webshop.Project.Core", "Webshop.Project.Core\Webshop.Project.Core.csproj", "{AC5B62A3-3126-433A-B88D-869C9D40F7B3}"
EndProject
Project("{FAE04EC0-301F-11D3-BF4B-00C04F79EFBC}") = "Webshop.Project.Core.UnitTests", "Webshop.Project.Core.UnitTests\Webshop.Project.Core.UnitTests.csproj", "{9D753CA7-77C1-48BD-B5C5-6A980CA29C15}"
EndProject
Global
	GlobalSection(SolutionConfigurationPlatforms) = preSolution
		Debug|Any CPU = Debug|Any CPU
		Release|Any CPU = Release|Any CPU
	EndGlobalSection
	GlobalSection(ProjectConfigurationPlatforms) = postSolution
		{4AC256B6-E649-436A-A570-C68A61919BE7}.Debug|Any CPU.ActiveCfg = Debug|Any CPU
		{4AC256B6-E649-436A-A570-C68A61919BE7}.Debug|Any CPU.Build.0 = Debug|Any CPU
		{4AC256B6-E649-436A-A570-C68A61919BE7}.Release|Any CPU.ActiveCfg = Release|Any CPU
		{4AC256B6-E649-436A-A570-C68A61919BE7}.Release|Any CPU.Build.0 = Release|Any CPU
		{AC5B62A3-3126-433A-B88D-869C9D40F7B3}.Debug|Any CPU.ActiveCfg = Debug|Any CPU
		{AC5B62A3-3126-433A-B88D-869C9D40F7B3}.Debug|Any CPU.Build.0 = Debug|Any CPU
		{AC5B62A3-3126-433A-B88D-869C9D40F7B3}.Release|Any CPU.ActiveCfg = Release|Any CPU
		{AC5B62A3-3126-433A-B88D-869C9D40F7B3}.Release|Any CPU.Build.0 = Release|Any CPU
		{9D753CA7-77C1-48BD-B5C5-6A980CA29C15}.Debug|Any CPU.ActiveCfg = Debug|Any CPU
		{9D753CA7-77C1-48BD-B5C5-6A980CA29C15}.Debug|Any CPU.Build.0 = Debug|Any CPU
		{9D753CA7-77C1-48BD-B5C5-6A980CA29C15}.Release|Any CPU.ActiveCfg = Release|Any CPU
		{9D753CA7-77C1-48BD-B5C5-6A980CA29C15}.Release|Any CPU.Build.0 = Release|Any CPU
	EndGlobalSection
	GlobalSection(SolutionProperties) = preSolution
		HideSolutionNode = FALSE
	EndGlobalSection
	GlobalSection(ExtensibilityGlobals) = postSolution
		SolutionGuid = {9F90D1B2-5EC6-4560-9019-D0F29F39A210}
	EndGlobalSection
EndGlobal
